
Microsoft Visual Studio Solution File, Format Version 12.00
# Visual Studio Version 16
VisualStudioVersion = 16.0.28803.202
MinimumVisualStudioVersion = 10.0.40219.1
Project("{FAE04EC0-301F-11D3-BF4B-00C04F79EFBC}") = "DnD", "DnD\DnD.csproj", "{45DD5AB0-E4CB-4D9E-A70A-D3E790BECB8C}"
EndProject
Global
	GlobalSection(SolutionConfigurationPlatforms) = preSolution
		Debug|Any CPU = Debug|Any CPU
		Release|Any CPU = Release|Any CPU
	EndGlobalSection
	GlobalSection(ProjectConfigurationPlatforms) = postSolution
		{45DD5AB0-E4CB-4D9E-A70A-D3E790BECB8C}.Debug|Any CPU.ActiveCfg = Debug|Any CPU
		{45DD5AB0-E4CB-4D9E-A70A-D3E790BECB8C}.Debug|Any CPU.Build.0 = Debug|Any CPU
		{45DD5AB0-E4CB-4D9E-A70A-D3E790BECB8C}.Release|Any CPU.ActiveCfg = Release|Any CPU
		{45DD5AB0-E4CB-4D9E-A70A-D3E790BECB8C}.Release|Any CPU.Build.0 = Release|Any CPU
	EndGlobalSection
	GlobalSection(SolutionProperties) = preSolution
		HideSolutionNode = FALSE
	EndGlobalSection
	GlobalSection(ExtensibilityGlobals) = postSolution
		SolutionGuid = {59E0DB52-AE5C-4CD1-BE7F-EF7C6F7DBE04}
	EndGlobalSection
EndGlobal
